<?xml version="1.0" encoding="utf-8"?>
<Project ToolsVersion="4.0" xmlns="http://schemas.microsoft.com/developer/msbuild/2003">
  <ItemGroup>
    <Filter Include="Source Files">
      <UniqueIdentifier>{4FC737F1-C7A5-4376-A066-2A32D752A2FF}</UniqueIdentifier>
      <Extensions>cpp;c;cc;cxx;def;odl;idl;hpj;bat;asm;asmx</Extensions>
    </Filter>
    <Filter Include="UI Controls">
      <UniqueIdentifier>{93104eaf-07fe-4495-af3f-bb46dec7adbf}</UniqueIdentifier>
    </Filter>
    <Filter Include="App - Engine">
      <UniqueIdentifier>{40cb645d-8c7c-4fe6-881b-7b2ed66e6407}</UniqueIdentifier>
    </Filter>
    <Filter Include="App - Custom">
      <UniqueIdentifier>{013a5ad8-c6c4-4a64-a29e-f44e6dae4740}</UniqueIdentifier>
    </Filter>
  </ItemGroup>
  <ItemGroup>
    <ClCompile Include="src\SwitchbladeSFML.cpp">
      <Filter>Source Files</Filter>
    </ClCompile>
    <ClCompile Include="src\CGraphControl.cpp">
      <Filter>UI Controls</Filter>
    </ClCompile>
    <ClCompile Include="src\IUpdatedControl.cpp">
      <Filter>UI Controls</Filter>
    </ClCompile>
    <ClCompile Include="src\CTextControl.cpp">
      <Filter>UI Controls</Filter>
    </ClCompile>
    <ClCompile Include="src\CApp.cpp">
      <Filter>App - Engine</Filter>
    </ClCompile>
    <ClCompile Include="src\CAppOptions .cpp">
      <Filter>App - Engine</Filter>
    </ClCompile>
    <ClCompile Include="src\CSystemGraphs.cpp">
      <Filter>App - Custom</Filter>
    </ClCompile>
  </ItemGroup>
  <ItemGroup>
    <ClInclude Include="src\IControl.h">
      <Filter>UI Controls</Filter>
    </ClInclude>
    <ClInclude Include="src\IUpdatedControl.h">
      <Filter>UI Controls</Filter>
    </ClInclude>
    <ClInclude Include="src\CGraphControl.h">
      <Filter>UI Controls</Filter>
    </ClInclude>
    <ClInclude Include="src\CTextControl.h">
      <Filter>UI Controls</Filter>
    </ClInclude>
    <ClInclude Include="src\CAppOptions.h">
      <Filter>App - Engine</Filter>
    </ClInclude>
    <ClInclude Include="src\CApp.h">
      <Filter>App - Engine</Filter>
    </ClInclude>
    <ClInclude Include="src\CSystemGraphs.h">
      <Filter>App - Custom</Filter>
    </ClInclude>
  </ItemGroup>
</Project>