
Microsoft Visual Studio Solution File, Format Version 11.00
# Visual Studio 2010
Project("{8BC9CEB8-8B4A-11D0-8D11-00A0C91BC942}") = "SwitchbladeSFML", "SwitchbladeSFML.vcxproj", "{D61EA203-C2D9-45CA-A5FE-7703C224BFBD}"
EndProject
Global
	GlobalSection(SolutionConfigurationPlatforms) = preSolution
		Debug|Win32 = Debug|Win32
		Release|Win32 = Release|Win32
	EndGlobalSection
	GlobalSection(ProjectConfigurationPlatforms) = postSolution
		{D61EA203-C2D9-45CA-A5FE-7703C224BFBD}.Debug|Win32.ActiveCfg = Debug|Win32
		{D61EA203-C2D9-45CA-A5FE-7703C224BFBD}.Debug|Win32.Build.0 = Debug|Win32
		{D61EA203-C2D9-45CA-A5FE-7703C224BFBD}.Release|Win32.ActiveCfg = Release|Win32
		{D61EA203-C2D9-45CA-A5FE-7703C224BFBD}.Release|Win32.Build.0 = Release|Win32
	EndGlobalSection
	GlobalSection(SolutionProperties) = preSolution
		HideSolutionNode = FALSE
	EndGlobalSection
EndGlobal
